
Microsoft Visual Studio Solution File, Format Version 12.00
# Visual Studio Version 17
VisualStudioVersion = 17.14.36518.9 d17.14
MinimumVisualStudioVersion = 10.0.40219.1
Project("{8BC9CEB8-8B4A-11D0-8D11-00A0C91BC942}") = "6", "6.vcxproj", "{6501ACC0-664D-4C57-8C0B-5C65D8057F56}"
EndProject
Global
	GlobalSection(SolutionConfigurationPlatforms) = preSolution
		Debug|x64 = Debug|x64
		Debug|x86 = Debug|x86
		Release|x64 = Release|x64
		Release|x86 = Release|x86
	EndGlobalSection
	GlobalSection(ProjectConfigurationPlatforms) = postSolution
		{6501ACC0-664D-4C57-8C0B-5C65D8057F56}.Debug|x64.ActiveCfg = Debug|x64
		{6501ACC0-664D-4C57-8C0B-5C65D8057F56}.Debug|x64.Build.0 = Debug|x64
		{6501ACC0-664D-4C57-8C0B-5C65D8057F56}.Debug|x86.ActiveCfg = Debug|Win32
		{6501ACC0-664D-4C57-8C0B-5C65D8057F56}.Debug|x86.Build.0 = Debug|Win32
		{6501ACC0-664D-4C57-8C0B-5C65D8057F56}.Release|x64.ActiveCfg = Release|x64
		{6501ACC0-664D-4C57-8C0B-5C65D8057F56}.Release|x64.Build.0 = Release|x64
		{6501ACC0-664D-4C57-8C0B-5C65D8057F56}.Release|x86.ActiveCfg = Release|Win32
		{6501ACC0-664D-4C57-8C0B-5C65D8057F56}.Release|x86.Build.0 = Release|Win32
	EndGlobalSection
	GlobalSection(SolutionProperties) = preSolution
		HideSolutionNode = FALSE
	EndGlobalSection
	GlobalSection(ExtensibilityGlobals) = postSolution
		SolutionGuid = {E229B653-5EB9-47C1-97BD-235F6420B2A1}
	EndGlobalSection
EndGlobal
