
Microsoft Visual Studio Solution File, Format Version 12.00
# Visual Studio Version 17
VisualStudioVersion = 17.14.36518.9 d17.14
MinimumVisualStudioVersion = 10.0.40219.1
Project("{8BC9CEB8-8B4A-11D0-8D11-00A0C91BC942}") = "jisuanqi", "jisuanqi.vcxproj", "{70162129-2FE8-4EEC-BF44-EEF0F9B11DEA}"
EndProject
Global
	GlobalSection(SolutionConfigurationPlatforms) = preSolution
		Debug|x64 = Debug|x64
		Debug|x86 = Debug|x86
		Release|x64 = Release|x64
		Release|x86 = Release|x86
	EndGlobalSection
	GlobalSection(ProjectConfigurationPlatforms) = postSolution
		{70162129-2FE8-4EEC-BF44-EEF0F9B11DEA}.Debug|x64.ActiveCfg = Debug|x64
		{70162129-2FE8-4EEC-BF44-EEF0F9B11DEA}.Debug|x64.Build.0 = Debug|x64
		{70162129-2FE8-4EEC-BF44-EEF0F9B11DEA}.Debug|x86.ActiveCfg = Debug|Win32
		{70162129-2FE8-4EEC-BF44-EEF0F9B11DEA}.Debug|x86.Build.0 = Debug|Win32
		{70162129-2FE8-4EEC-BF44-EEF0F9B11DEA}.Release|x64.ActiveCfg = Release|x64
		{70162129-2FE8-4EEC-BF44-EEF0F9B11DEA}.Release|x64.Build.0 = Release|x64
		{70162129-2FE8-4EEC-BF44-EEF0F9B11DEA}.Release|x86.ActiveCfg = Release|Win32
		{70162129-2FE8-4EEC-BF44-EEF0F9B11DEA}.Release|x86.Build.0 = Release|Win32
	EndGlobalSection
	GlobalSection(SolutionProperties) = preSolution
		HideSolutionNode = FALSE
	EndGlobalSection
	GlobalSection(ExtensibilityGlobals) = postSolution
		SolutionGuid = {42B78E5D-459D-48BA-91D0-E029F8F20E1F}
	EndGlobalSection
EndGlobal
